<?xml version="1.0" encoding="utf-8"?>
<Project ToolsVersion="4.0" xmlns="http://schemas.microsoft.com/developer/msbuild/2003">
  <ItemGroup>
    <Filter Include="Source Files">
      <UniqueIdentifier>{4FC737F1-C7A5-4376-A066-2A32D752A2FF}</UniqueIdentifier>
      <Extensions>cpp;c;cc;cxx;c++;def;odl;idl;hpj;bat;asm;asmx</Extensions>
    </Filter>
    <Filter Include="Header Files">
      <UniqueIdentifier>{93995380-89BD-4b04-88EB-625FBE52EBFB}</UniqueIdentifier>
      <Extensions>h;hh;hpp;hxx;h++;hm;inl;inc;ipp;xsd</Extensions>
    </Filter>
    <Filter Include="Resource Files">
      <UniqueIdentifier>{67DA6AB6-F800-4c08-8B7A-83BB121AAD01}</UniqueIdentifier>
      <Extensions>rc;ico;cur;bmp;dlg;rc2;rct;bin;rgs;gif;jpg;jpeg;jpe;resx;tiff;tif;png;wav;mfcribbon-ms</Extensions>
    </Filter>
    <Filter Include="Header Files\Entity">
      <UniqueIdentifier>{1dfd4366-4fc9-4b40-9f3c-550361591735}</UniqueIdentifier>
    </Filter>
    <Filter Include="Source Files\Entity">
      <UniqueIdentifier>{ff03ce98-b1fc-424c-ac7f-984836e1e490}</UniqueIdentifier>
    </Filter>
    <Filter Include="Header Files\Core">
      <UniqueIdentifier>{ba45a91e-8dff-46d3-8732-fe4c1ecdee0e}</UniqueIdentifier>
    </Filter>
    <Filter Include="Header Files\Helper">
      <UniqueIdentifier>{48c8e578-a98f-472a-8168-23db960d36b8}</UniqueIdentifier>
    </Filter>
    <Filter Include="Source Files\Core">
      <UniqueIdentifier>{18320b73-657d-466c-b746-6593ec878707}</UniqueIdentifier>
    </Filter>
    <Filter Include="Source Files\Helper">
      <UniqueIdentifier>{4931f05c-078e-4044-af20-3e6d66657eef}</UniqueIdentifier>
    </Filter>
    <Filter Include="Header Files\Entity2D">
      <UniqueIdentifier>{07610d56-1d66-4589-a38e-4dac353b2416}</UniqueIdentifier>
    </Filter>
    <Filter Include="Source Files\Entity2D">
      <UniqueIdentifier>{4a640205-345b-4780-bd46-28e38015dc2a}</UniqueIdentifier>
    </Filter>
  </ItemGroup>
  <ItemGroup>
    <ClCompile Include="main.cpp">
      <Filter>Source Files</Filter>
    </ClCompile>
    <ClCompile Include="Entity.cpp">
      <Filter>Source Files\Entity</Filter>
    </ClCompile>
    <ClCompile Include="Engine.cpp">
      <Filter>Source Files\Core</Filter>
    </ClCompile>
    <ClCompile Include="Helpers.cpp">
      <Filter>Source Files\Helper</Filter>
    </ClCompile>
    <ClCompile Include="Triangle.cpp">
      <Filter>Source Files\Entity</Filter>
    </ClCompile>
    <ClCompile Include="Cube.cpp">
      <Filter>Source Files\Entity</Filter>
    </ClCompile>
    <ClCompile Include="ContentManager.cpp">
      <Filter>Source Files\Core</Filter>
    </ClCompile>
    <ClCompile Include="InputManager.cpp">
      <Filter>Source Files\Core</Filter>
    </ClCompile>
    <ClCompile Include="Camera.cpp">
      <Filter>Source Files\Core</Filter>
    </ClCompile>
    <ClCompile Include="Circle.cpp">
      <Filter>Source Files\Entity</Filter>
    </ClCompile>
    <ClCompile Include="Sphere.cpp">
      <Filter>Source Files\Entity</Filter>
    </ClCompile>
    <ClCompile Include="TexturedEntity.cpp">
      <Filter>Source Files\Entity</Filter>
    </ClCompile>
    <ClCompile Include="Dice.cpp">
      <Filter>Source Files\Entity</Filter>
    </ClCompile>
    <ClCompile Include="Quad.cpp">
      <Filter>Source Files\Entity</Filter>
    </ClCompile>
    <ClCompile Include="WaterPlane.cpp">
      <Filter>Source Files\Entity</Filter>
    </ClCompile>
    <ClCompile Include="Plane.cpp">
      <Filter>Source Files\Entity</Filter>
    </ClCompile>
    <ClCompile Include="ObjEntity.cpp">
      <Filter>Source Files\Entity</Filter>
    </ClCompile>
    <ClCompile Include="ObjManager.cpp">
      <Filter>Source Files\Core</Filter>
    </ClCompile>
    <ClCompile Include="Entity2D.cpp">
      <Filter>Source Files\Entity2D</Filter>
    </ClCompile>
    <ClCompile Include="Image2D.cpp">
      <Filter>Source Files\Entity2D</Filter>
    </ClCompile>
    <ClCompile Include="Cursor2D.cpp">
      <Filter>Source Files\Entity2D</Filter>
    </ClCompile>
    <ClCompile Include="Button2D.cpp">
      <Filter>Source Files\Entity2D</Filter>
    </ClCompile>
    <ClCompile Include="Text2D.cpp">
      <Filter>Source Files\Entity2D</Filter>
    </ClCompile>
    <ClCompile Include="FPSDisplay2D.cpp">
      <Filter>Source Files</Filter>
    </ClCompile>
    <ClCompile Include="Meteor.cpp">
      <Filter>Source Files\Entity</Filter>
    </ClCompile>
    <ClCompile Include="Collision.cpp">
      <Filter>Source Files\Core</Filter>
    </ClCompile>
    <ClCompile Include="Cuboid.cpp">
      <Filter>Source Files</Filter>
    </ClCompile>
    <ClCompile Include="Planet.cpp">
      <Filter>Source Files\Entity</Filter>
    </ClCompile>
    <ClCompile Include="TexturedSphere.cpp">
      <Filter>Source Files\Entity</Filter>
    </ClCompile>
    <ClCompile Include="BlackHole.cpp">
      <Filter>Source Files\Entity</Filter>
    </ClCompile>
  </ItemGroup>
  <ItemGroup>
    <ClInclude Include="DirectXSettings.h">
      <Filter>Header Files\Core</Filter>
    </ClInclude>
    <ClInclude Include="Engine.h">
      <Filter>Header Files\Core</Filter>
    </ClInclude>
    <ClInclude Include="PCH.h">
      <Filter>Header Files\Core</Filter>
    </ClInclude>
    <ClInclude Include="VertexPosColor.h">
      <Filter>Header Files\Core</Filter>
    </ClInclude>
    <ClInclude Include="WindowSettings.h">
      <Filter>Header Files\Core</Filter>
    </ClInclude>
    <ClInclude Include="d3dx12.h">
      <Filter>Header Files\Helper</Filter>
    </ClInclude>
    <ClInclude Include="Helpers.h">
      <Filter>Header Files\Helper</Filter>
    </ClInclude>
    <ClInclude Include="ReadData.h">
      <Filter>Header Files\Helper</Filter>
    </ClInclude>
    <ClInclude Include="Triangle.h">
      <Filter>Header Files\Entity</Filter>
    </ClInclude>
    <ClInclude Include="Entity.h">
      <Filter>Header Files\Entity</Filter>
    </ClInclude>
    <ClInclude Include="Cube.h">
      <Filter>Header Files\Entity</Filter>
    </ClInclude>
    <ClInclude Include="ContentManager.h">
      <Filter>Header Files\Core</Filter>
    </ClInclude>
    <ClInclude Include="InputManager.h">
      <Filter>Header Files\Core</Filter>
    </ClInclude>
    <ClInclude Include="Camera.h">
      <Filter>Header Files\Core</Filter>
    </ClInclude>
    <ClInclude Include="LightConstantBuffer.h">
      <Filter>Header Files\Core</Filter>
    </ClInclude>
    <ClInclude Include="Circle.h">
      <Filter>Header Files\Entity</Filter>
    </ClInclude>
    <ClInclude Include="Sphere.h">
      <Filter>Header Files\Entity</Filter>
    </ClInclude>
    <ClInclude Include="TexturedEntity.h">
      <Filter>Header Files\Entity</Filter>
    </ClInclude>
    <ClInclude Include="Dice.h">
      <Filter>Header Files\Entity</Filter>
    </ClInclude>
    <ClInclude Include="Quad.h">
      <Filter>Header Files\Entity</Filter>
    </ClInclude>
    <ClInclude Include="ObjManager.h">
      <Filter>Header Files</Filter>
    </ClInclude>
    <ClInclude Include="WaterConstantBuffer.h">
      <Filter>Header Files\Core</Filter>
    </ClInclude>
    <ClInclude Include="ObjEntity.h">
      <Filter>Header Files\Entity</Filter>
    </ClInclude>
    <ClInclude Include="Entity2D.h">
      <Filter>Header Files\Entity2D</Filter>
    </ClInclude>
    <ClInclude Include="Image2D.h">
      <Filter>Header Files\Entity2D</Filter>
    </ClInclude>
    <ClInclude Include="Cursor2D.h">
      <Filter>Header Files\Entity2D</Filter>
    </ClInclude>
    <ClInclude Include="Plane.h">
      <Filter>Header Files\Entity</Filter>
    </ClInclude>
    <ClInclude Include="Button2D.h">
      <Filter>Header Files\Entity2D</Filter>
    </ClInclude>
    <ClInclude Include="WaterPlane.h">
      <Filter>Header Files\Entity</Filter>
    </ClInclude>
    <ClInclude Include="Text2D.h">
      <Filter>Header Files\Entity2D</Filter>
    </ClInclude>
    <ClInclude Include="FPSDisplay2D.h">
      <Filter>Header Files</Filter>
    </ClInclude>
    <ClInclude Include="Collision.h">
      <Filter>Header Files\Core</Filter>
    </ClInclude>
    <ClInclude Include="Meteor.h">
      <Filter>Header Files\Entity</Filter>
    </ClInclude>
    <ClInclude Include="BlackHole.h">
      <Filter>Header Files</Filter>
    </ClInclude>
    <ClInclude Include="Planet.h">
      <Filter>Header Files</Filter>
    </ClInclude>
    <ClInclude Include="TexturedSphere.h">
      <Filter>Header Files</Filter>
    </ClInclude>
    <ClInclude Include="Cuboid.h">
      <Filter>Header Files</Filter>
    </ClInclude>
  </ItemGroup>
  <ItemGroup>
    <FxCompile Include="SimpleVertexShader.hlsl">
      <Filter>Resource Files</Filter>
    </FxCompile>
    <FxCompile Include="SimplePixelShader.hlsl">
      <Filter>Resource Files</Filter>
    </FxCompile>
    <FxCompile Include="CelShadingVertexShader.hlsl">
      <Filter>Resource Files</Filter>
    </FxCompile>
    <FxCompile Include="CelShadingPixelShader.hlsl">
      <Filter>Resource Files</Filter>
    </FxCompile>
    <FxCompile Include="TexturedPixelShader.hlsl">
      <Filter>Resource Files</Filter>
    </FxCompile>
    <FxCompile Include="TexturedVertexShader.hlsl">
      <Filter>Resource Files</Filter>
    </FxCompile>
    <FxCompile Include="HeigthBlendingPixelShader.hlsl">
      <Filter>Resource Files</Filter>
    </FxCompile>
    <FxCompile Include="HeigthBlendingVertexShader.hlsl">
      <Filter>Resource Files</Filter>
    </FxCompile>
    <FxCompile Include="TerrainVertexShader.hlsl">
      <Filter>Resource Files</Filter>
    </FxCompile>
    <FxCompile Include="TerrainPixelShader.hlsl">
      <Filter>Resource Files</Filter>
    </FxCompile>
    <FxCompile Include="WaterPixelShader.hlsl">
      <Filter>Resource Files</Filter>
    </FxCompile>
    <FxCompile Include="WaterVertexShader.hlsl">
      <Filter>Resource Files</Filter>
    </FxCompile>
  </ItemGroup>
</Project>